
Microsoft Visual Studio Solution File, Format Version 12.00
# Visual Studio Version 16
VisualStudioVersion = 16.0.31205.134
MinimumVisualStudioVersion = 10.0.40219.1
Project("{FAE04EC0-301F-11D3-BF4B-00C04F79EFBC}") = "TCPServer", "TCPServer\TCPServer.csproj", "{863484A7-28B9-4592-9625-30A59F72E4D2}"
EndProject
Global
	GlobalSection(SolutionConfigurationPlatforms) = preSolution
		Debug|Any CPU = Debug|Any CPU
		Release|Any CPU = Release|Any CPU
	EndGlobalSection
	GlobalSection(ProjectConfigurationPlatforms) = postSolution
		{863484A7-28B9-4592-9625-30A59F72E4D2}.Debug|Any CPU.ActiveCfg = Debug|Any CPU
		{863484A7-28B9-4592-9625-30A59F72E4D2}.Debug|Any CPU.Build.0 = Debug|Any CPU
		{863484A7-28B9-4592-9625-30A59F72E4D2}.Release|Any CPU.ActiveCfg = Release|Any CPU
		{863484A7-28B9-4592-9625-30A59F72E4D2}.Release|Any CPU.Build.0 = Release|Any CPU
	EndGlobalSection
	GlobalSection(SolutionProperties) = preSolution
		HideSolutionNode = FALSE
	EndGlobalSection
	GlobalSection(ExtensibilityGlobals) = postSolution
		SolutionGuid = {60F9B475-581D-4CE5-A98A-3166B5230D29}
	EndGlobalSection
EndGlobal
